// !$*UTF8*$!
{
	archiveVersion = 1;
	classes = {
	};
	objectVersion = 50;
	objects = {

/* Begin PBXBuildFile section */
		1F18DB7621D870DE00B621B2 /* AppDelegate.m in Sources */ = {isa = PBXBuildFile; fileRef = 1F18DB7521D870DE00B621B2 /* AppDelegate.m */; };
		1F18DB7921D870DE00B621B2 /* MasterViewController.m in Sources */ = {isa = PBXBuildFile; fileRef = 1F18DB7821D870DE00B621B2 /* MasterViewController.m */; };
		1F18DB7C21D870DE00B621B2 /* DetailViewController.m in Sources */ = {isa = PBXBuildFile; fileRef = 1F18DB7B21D870DE00B621B2 /* DetailViewController.m */; };
		1F18DB7F21D870DE00B621B2 /* Main.storyboard in Resources */ = {isa = PBXBuildFile; fileRef = 1F18DB7D21D870DE00B621B2 /* Main.storyboard */; };
		1F18DB8121D870DF00B621B2 /* Assets.xcassets in Resources */ = {isa = PBXBuildFile; fileRef = 1F18DB8021D870DF00B621B2 /* Assets.xcassets */; };
		1F18DB8421D870DF00B621B2 /* LaunchScreen.storyboard in Resources */ = {isa = PBXBuildFile; fileRef = 1F18DB8221D870DF00B621B2 /* LaunchScreen.storyboard */; };
		1F18DB8721D870DF00B621B2 /* main.m in Sources */ = {isa = PBXBuildFile; fileRef = 1F18DB8621D870DF00B621B2 /* main.m */; };
		1F18DB9121D870DF00B621B2 /* MasterDetailTests.m in Sources */ = {isa = PBXBuildFile; fileRef = 1F18DB9021D870DF00B621B2 /* MasterDetailTests.m */; };
		1F18DB9C21D870DF00B621B2 /* MasterDetailUITests.m in Sources */ = {isa = PBXBuildFile; fileRef = 1F18DB9B21D870DF00B621B2 /* MasterDetailUITests.m */; };
/* End PBXBuildFile section */

/* Begin PBXContainerItemProxy section */
		1F18DB8D21D870DF00B621B2 /* PBXContainerItemProxy */ = {
			isa = PBXContainerItemProxy;
			containerPortal = 1F18DB6921D870DE00B621B2 /* Project object */;
			proxyType = 1;
			remoteGlobalIDString = 1F18DB7021D870DE00B621B2;
			remoteInfo = MasterDetail;
		};
		1F18DB9821D870DF00B621B2 /* PBXContainerItemProxy */ = {
			isa = PBXContainerItemProxy;
			containerPortal = 1F18DB6921D870DE00B621B2 /* Project object */;
			proxyType = 1;
			remoteGlobalIDString = 1F18DB7021D870DE00B621B2;
			remoteInfo = MasterDetail;
		};
/* End PBXContainerItemProxy section */

/* Begin PBXFileReference section */
		1F18DB7121D870DE00B621B2 /* MasterDetail.app */ = {isa = PBXFileReference; explicitFileType = wrapper.application; includeInIndex = 0; path = MasterDetail.app; sourceTree = BUILT_PRODUCTS_DIR; };
		1F18DB7421D870DE00B621B2 /* AppDelegate.h */ = {isa = PBXFileReference; lastKnownFileType = sourcecode.c.h; path = AppDelegate.h; sourceTree = "<group>"; };
		1F18DB7521D870DE00B621B2 /* AppDelegate.m */ = {isa = PBXFileReference; lastKnownFileType = sourcecode.c.objc; path = AppDelegate.m; sourceTree = "<group>"; };
		1F18DB7721D870DE00B621B2 /* MasterViewController.h */ = {isa = PBXFileReference; lastKnownFileType = sourcecode.c.h; path = MasterViewController.h; sourceTree = "<group>"; };
		1F18DB7821D870DE00B621B2 /* MasterViewController.m */ = {isa = PBXFileReference; lastKnownFileType = sourcecode.c.objc; path = MasterViewController.m; sourceTree = "<group>"; };
		1F18DB7A21D870DE00B621B2 /* DetailViewController.h */ = {isa = PBXFileReference; lastKnownFileType = sourcecode.c.h; path = DetailViewController.h; sourceTree = "<group>"; };
		1F18DB7B21D870DE00B621B2 /* DetailViewController.m */ = {isa = PBXFileReference; lastKnownFileType = sourcecode.c.objc; path = DetailViewController.m; sourceTree = "<group>"; };
		1F18DB7E21D870DE00B621B2 /* Base */ = {isa = PBXFileReference; lastKnownFileType = file.storyboard; name = Base; path = Base.lproj/Main.storyboard; sourceTree = "<group>"; };
		1F18DB8021D870DF00B621B2 /* Assets.xcassets */ = {isa = PBXFileReference; lastKnownFileType = folder.assetcatalog; path = Assets.xcassets; sourceTree = "<group>"; };
		1F18DB8321D870DF00B621B2 /* Base */ = {isa = PBXFileReference; lastKnownFileType = file.storyboard; name = Base; path = Base.lproj/LaunchScreen.storyboard; sourceTree = "<group>"; };
		1F18DB8521D870DF00B621B2 /* Info.plist */ = {isa = PBXFileReference; lastKnownFileType = text.plist.xml; path = Info.plist; sourceTree = "<group>"; };
		1F18DB8621D870DF00B621B2 /* main.m */ = {isa = PBXFileReference; lastKnownFileType = sourcecode.c.objc; path = main.m; sourceTree = "<group>"; };
		1F18DB8C21D870DF00B621B2 /* MasterDetailTests.xctest */ = {isa = PBXFileReference; explicitFileType = wrapper.cfbundle; includeInIndex = 0; path = MasterDetailTests.xctest; sourceTree = BUILT_PRODUCTS_DIR; };
		1F18DB9021D870DF00B621B2 /* MasterDetailTests.m */ = {isa = PBXFileReference; lastKnownFileType = sourcecode.c.objc; path = MasterDetailTests.m; sourceTree = "<group>"; };
		1F18DB9221D870DF00B621B2 /* Info.plist */ = {isa = PBXFileReference; lastKnownFileType = text.plist.xml; path = Info.plist; sourceTree = "<group>"; };
		1F18DB9721D870DF00B621B2 /* MasterDetailUITests.xctest */ = {isa = PBXFileReference; explicitFileType = wrapper.cfbundle; includeInIndex = 0; path = MasterDetailUITests.xctest; sourceTree = BUILT_PRODUCTS_DIR; };
		1F18DB9B21D870DF00B621B2 /* MasterDetailUITests.m */ = {isa = PBXFileReference; lastKnownFileType = sourcecode.c.objc; path = MasterDetailUITests.m; sourceTree = "<group>"; };
		1F18DB9D21D870DF00B621B2 /* Info.plist */ = {isa = PBXFileReference; lastKnownFileType = text.plist.xml; path = Info.plist; sourceTree = "<group>"; };
/* End PBXFileReference section */

/* Begin PBXFrameworksBuildPhase section */
		1F18DB6E21D870DE00B621B2 /* Frameworks */ = {
			isa = PBXFrameworksBuildPhase;
			buildActionMask = 2147483647;
			files = (
			);
			runOnlyForDeploymentPostprocessing = 0;
		};
		1F18DB8921D870DF00B621B2 /* Frameworks */ = {
			isa = PBXFrameworksBuildPhase;
			buildActionMask = 2147483647;
			files = (
			);
			runOnlyForDeploymentPostprocessing = 0;
		};
		1F18DB9421D870DF00B621B2 /* Frameworks */ = {
			isa = PBXFrameworksBuildPhase;
			buildActionMask = 2147483647;
			files = (
			);
			runOnlyForDeploymentPostprocessing = 0;
		};
/* End PBXFrameworksBuildPhase section */

/* Begin PBXGroup section */
		1F18DB6821D870DE00B621B2 = {
			isa = PBXGroup;
			children = (
				1F18DB7321D870DE00B621B2 /* MasterDetail */,
				1F18DB8F21D870DF00B621B2 /* MasterDetailTests */,
				1F18DB9A21D870DF00B621B2 /* MasterDetailUITests */,
				1F18DB7221D870DE00B621B2 /* Products */,
			);
			sourceTree = "<group>";
		};
		1F18DB7221D870DE00B621B2 /* Products */ = {
			isa = PBXGroup;
			children = (
				1F18DB7121D870DE00B621B2 /* MasterDetail.app */,
				1F18DB8C21D870DF00B621B2 /* MasterDetailTests.xctest */,
				1F18DB9721D870DF00B621B2 /* MasterDetailUITests.xctest */,
			);
			name = Products;
			sourceTree = "<group>";
		};
		1F18DB7321D870DE00B621B2 /* MasterDetail */ = {
			isa = PBXGroup;
			children = (
				1F18DB7421D870DE00B621B2 /* AppDelegate.h */,
				1F18DB7521D870DE00B621B2 /* AppDelegate.m */,
				1F18DB7721D870DE00B621B2 /* MasterViewController.h */,
				1F18DB7821D870DE00B621B2 /* MasterViewController.m */,
				1F18DB7A21D870DE00B621B2 /* DetailViewController.h */,
				1F18DB7B21D870DE00B621B2 /* DetailViewController.m */,
				1F18DB7D21D870DE00B621B2 /* Main.storyboard */,
				1F18DB8021D870DF00B621B2 /* Assets.xcassets */,
				1F18DB8221D870DF00B621B2 /* LaunchScreen.storyboard */,
				1F18DB8521D870DF00B621B2 /* Info.plist */,
				1F18DB8621D870DF00B621B2 /* main.m */,
			);
			path = MasterDetail;
			sourceTree = "<group>";
		};
		1F18DB8F21D870DF00B621B2 /* MasterDetailTests */ = {
			isa = PBXGroup;
			children = (
				1F18DB9021D870DF00B621B2 /* MasterDetailTests.m */,
				1F18DB9221D870DF00B621B2 /* Info.plist */,
			);
			path = MasterDetailTests;
			sourceTree = "<group>";
		};
		1F18DB9A21D870DF00B621B2 /* MasterDetailUITests */ = {
			isa = PBXGroup;
			children = (
				1F18DB9B21D870DF00B621B2 /* MasterDetailUITests.m */,
				1F18DB9D21D870DF00B621B2 /* Info.plist */,
			);
			path = MasterDetailUITests;
			sourceTree = "<group>";
		};
/* End PBXGroup section */

/* Begin PBXNativeTarget section */
		1F18DB7021D870DE00B621B2 /* MasterDetail */ = {
			isa = PBXNativeTarget;
			buildConfigurationList = 1F18DBA021D870DF00B621B2 /* Build configuration list for PBXNativeTarget "MasterDetail" */;
			buildPhases = (
				1F18DB6D21D870DE00B621B2 /* Sources */,
				1F18DB6E21D870DE00B621B2 /* Frameworks */,
				1F18DB6F21D870DE00B621B2 /* Resources */,
			);
			buildRules = (
			);
			dependencies = (
			);
			name = MasterDetail;
			productName = MasterDetail;
			productReference = 1F18DB7121D870DE00B621B2 /* MasterDetail.app */;
			productType = "com.apple.product-type.application";
		};
		1F18DB8B21D870DF00B621B2 /* MasterDetailTests */ = {
			isa = PBXNativeTarget;
			buildConfigurationList = 1F18DBA321D870DF00B621B2 /* Build configuration list for PBXNativeTarget "MasterDetailTests" */;
			buildPhases = (
				1F18DB8821D870DF00B621B2 /* Sources */,
				1F18DB8921D870DF00B621B2 /* Frameworks */,
				1F18DB8A21D870DF00B621B2 /* Resources */,
			);
			buildRules = (
			);
			dependencies = (
				1F18DB8E21D870DF00B621B2 /* PBXTargetDependency */,
			);
			name = MasterDetailTests;
			productName = MasterDetailTests;
			productReference = 1F18DB8C21D870DF00B621B2 /* MasterDetailTests.xctest */;
			productType = "com.apple.product-type.bundle.unit-test";
		};
		1F18DB9621D870DF00B621B2 /* MasterDetailUITests */ = {
			isa = PBXNativeTarget;
			buildConfigurationList = 1F18DBA621D870DF00B621B2 /* Build configuration list for PBXNativeTarget "MasterDetailUITests" */;
			buildPhases = (
				1F18DB9321D870DF00B621B2 /* Sources */,
				1F18DB9421D870DF00B621B2 /* Frameworks */,
				1F18DB9521D870DF00B621B2 /* Resources */,
			);
			buildRules = (
			);
			dependencies = (
				1F18DB9921D870DF00B621B2 /* PBXTargetDependency */,
			);
			name = MasterDetailUITests;
			productName = MasterDetailUITests;
			productReference = 1F18DB9721D870DF00B621B2 /* MasterDetailUITests.xctest */;
			productType = "com.apple.product-type.bundle.ui-testing";
		};
/* End PBXNativeTarget section */

/* Begin PBXProject section */
		1F18DB6921D870DE00B621B2 /* Project object */ = {
			isa = PBXProject;
			attributes = {
				LastUpgradeCheck = 1010;
				ORGANIZATIONNAME = "Toshihiro Suzuki";
				TargetAttributes = {
					1F18DB7021D870DE00B621B2 = {
						CreatedOnToolsVersion = 10.1;
					};
					1F18DB8B21D870DF00B621B2 = {
						CreatedOnToolsVersion = 10.1;
						TestTargetID = 1F18DB7021D870DE00B621B2;
					};
					1F18DB9621D870DF00B621B2 = {
						CreatedOnToolsVersion = 10.1;
						TestTargetID = 1F18DB7021D870DE00B621B2;
					};
				};
			};
			buildConfigurationList = 1F18DB6C21D870DE00B621B2 /* Build configuration list for PBXProject "MasterDetail" */;
			compatibilityVersion = "Xcode 9.3";
			developmentRegion = en;
			hasScannedForEncodings = 0;
			knownRegions = (
				en,
				Base,
			);
			mainGroup = 1F18DB6821D870DE00B621B2;
			productRefGroup = 1F18DB7221D870DE00B621B2 /* Products */;
			projectDirPath = "";
			projectRoot = "";
			targets = (
				1F18DB7021D870DE00B621B2 /* MasterDetail */,
				1F18DB8B21D870DF00B621B2 /* MasterDetailTests */,
				1F18DB9621D870DF00B621B2 /* MasterDetailUITests */,
			);
		};
/* End PBXProject section */

/* Begin PBXResourcesBuildPhase section */
		1F18DB6F21D870DE00B621B2 /* Resources */ = {
			isa = PBXResourcesBuildPhase;
			buildActionMask = 2147483647;
			files = (
				1F18DB8421D870DF00B621B2 /* LaunchScreen.storyboard in Resources */,
				1F18DB8121D870DF00B621B2 /* Assets.xcassets in Resources */,
				1F18DB7F21D870DE00B621B2 /* Main.storyboard in Resources */,
			);
			runOnlyForDeploymentPostprocessing = 0;
		};
		1F18DB8A21D870DF00B621B2 /* Resources */ = {
			isa = PBXResourcesBuildPhase;
			buildActionMask = 2147483647;
			files = (
			);
			runOnlyForDeploymentPostprocessing = 0;
		};
		1F18DB9521D870DF00B621B2 /* Resources */ = {
			isa = PBXResourcesBuildPhase;
			buildActionMask = 2147483647;
			files = (
			);
			runOnlyForDeploymentPostprocessing = 0;
		};
/* End PBXResourcesBuildPhase section */

/* Begin PBXSourcesBuildPhase section */
		1F18DB6D21D870DE00B621B2 /* Sources */ = {
			isa = PBXSourcesBuildPhase;
			buildActionMask = 2147483647;
			files = (
				1F18DB7921D870DE00B621B2 /* MasterViewController.m in Sources */,
				1F18DB7621D870DE00B621B2 /* AppDelegate.m in Sources */,
				1F18DB8721D870DF00B621B2 /* main.m in Sources */,
				1F18DB7C21D870DE00B621B2 /* DetailViewController.m in Sources */,
			);
			runOnlyForDeploymentPostprocessing = 0;
		};
		1F18DB8821D870DF00B621B2 /* Sources */ = {
			isa = PBXSourcesBuildPhase;
			buildActionMask = 2147483647;
			files = (
				1F18DB9121D870DF00B621B2 /* MasterDetailTests.m in Sources */,
			);
			runOnlyForDeploymentPostprocessing = 0;
		};
		1F18DB9321D870DF00B621B2 /* Sources */ = {
			isa = PBXSourcesBuildPhase;
			buildActionMask = 2147483647;
			files = (
				1F18DB9C21D870DF00B621B2 /* MasterDetailUITests.m in Sources */,
			);
			runOnlyForDeploymentPostprocessing = 0;
		};
/* End PBXSourcesBuildPhase section */

/* Begin PBXTargetDependency section */
		1F18DB8E21D870DF00B621B2 /* PBXTargetDependency */ = {
			isa = PBXTargetDependency;
			target = 1F18DB7021D870DE00B621B2 /* MasterDetail */;
			targetProxy = 1F18DB8D21D870DF00B621B2 /* PBXContainerItemProxy */;
		};
		1F18DB9921D870DF00B621B2 /* PBXTargetDependency */ = {
			isa = PBXTargetDependency;
			target = 1F18DB7021D870DE00B621B2 /* MasterDetail */;
			targetProxy = 1F18DB9821D870DF00B621B2 /* PBXContainerItemProxy */;
		};
/* End PBXTargetDependency section */

/* Begin PBXVariantGroup section */
		1F18DB7D21D870DE00B621B2 /* Main.storyboard */ = {
			isa = PBXVariantGroup;
			children = (
				1F18DB7E21D870DE00B621B2 /* Base */,
			);
			name = Main.storyboard;
			sourceTree = "<group>";
		};
		1F18DB8221D870DF00B621B2 /* LaunchScreen.storyboard */ = {
			isa = PBXVariantGroup;
			children = (
				1F18DB8321D870DF00B621B2 /* Base */,
			);
			name = LaunchScreen.storyboard;
			sourceTree = "<group>";
		};
/* End PBXVariantGroup section */

/* Begin XCBuildConfiguration section */
		1F18DB9E21D870DF00B621B2 /* Debug */ = {
			isa = XCBuildConfiguration;
			buildSettings = {
				ALWAYS_SEARCH_USER_PATHS = NO;
				CLANG_ANALYZER_NONNULL = YES;
				CLANG_ANALYZER_NUMBER_OBJECT_CONVERSION = YES_AGGRESSIVE;
				CLANG_CXX_LANGUAGE_STANDARD = "gnu++14";
				CLANG_CXX_LIBRARY = "libc++";
				CLANG_ENABLE_MODULES = YES;
				CLANG_ENABLE_OBJC_ARC = YES;
				CLANG_ENABLE_OBJC_WEAK = YES;
				CLANG_WARN_BLOCK_CAPTURE_AUTORELEASING = YES;
				CLANG_WARN_BOOL_CONVERSION = YES;
				CLANG_WARN_COMMA = YES;
				CLANG_WARN_CONSTANT_CONVERSION = YES;
				CLANG_WARN_DEPRECATED_OBJC_IMPLEMENTATIONS = YES;
				CLANG_WARN_DIRECT_OBJC_ISA_USAGE = YES_ERROR;
				CLANG_WARN_DOCUMENTATION_COMMENTS = YES;
				CLANG_WARN_EMPTY_BODY = YES;
				CLANG_WARN_ENUM_CONVERSION = YES;
				CLANG_WARN_INFINITE_RECURSION = YES;
				CLANG_WARN_INT_CONVERSION = YES;
				CLANG_WARN_NON_LITERAL_NULL_CONVERSION = YES;
				CLANG_WARN_OBJC_IMPLICIT_RETAIN_SELF = YES;
				CLANG_WARN_OBJC_LITERAL_CONVERSION = YES;
				CLANG_WARN_OBJC_ROOT_CLASS = YES_ERROR;
				CLANG_WARN_RANGE_LOOP_ANALYSIS = YES;
				CLANG_WARN_STRICT_PROTOTYPES = YES;
				CLANG_WARN_SUSPICIOUS_MOVE = YES;
				CLANG_WARN_UNGUARDED_AVAILABILITY = YES_AGGRESSIVE;
				CLANG_WARN_UNREACHABLE_CODE = YES;
				CLANG_WARN__DUPLICATE_METHOD_MATCH = YES;
				CODE_SIGN_IDENTITY = "iPhone Developer";
				COPY_PHASE_STRIP = NO;
				DEBUG_INFORMATION_FORMAT = dwarf;
				ENABLE_STRICT_OBJC_MSGSEND = YES;
				ENABLE_TESTABILITY = YES;
				GCC_C_LANGUAGE_STANDARD = gnu11;
				GCC_DYNAMIC_NO_PIC = NO;
				GCC_NO_COMMON_BLOCKS = YES;
				GCC_OPTIMIZATION_LEVEL = 0;
				GCC_PREPROCESSOR_DEFINITIONS = (
					"DEBUG=1",
					"$(inherited)",
				);
				GCC_WARN_64_TO_32_BIT_CONVERSION = YES;
				GCC_WARN_ABOUT_RETURN_TYPE = YES_ERROR;
				GCC_WARN_UNDECLARED_SELECTOR = YES;
				GCC_WARN_UNINITIALIZED_AUTOS = YES_AGGRESSIVE;
				GCC_WARN_UNUSED_FUNCTION = YES;
				GCC_WARN_UNUSED_VARIABLE = YES;
				IPHONEOS_DEPLOYMENT_TARGET = 12.1;
				MTL_ENABLE_DEBUG_INFO = INCLUDE_SOURCE;
				MTL_FAST_MATH = YES;
				ONLY_ACTIVE_ARCH = YES;
				SDKROOT = iphoneos;
			};
			name = Debug;
		};
		1F18DB9F21D870DF00B621B2 /* Release */ = {
			isa = XCBuildConfiguration;
			buildSettings = {
				ALWAYS_SEARCH_USER_PATHS = NO;
				CLANG_ANALYZER_NONNULL = YES;
				CLANG_ANALYZER_NUMBER_OBJECT_CONVERSION = YES_AGGRESSIVE;
				CLANG_CXX_LANGUAGE_STANDARD = "gnu++14";
				CLANG_CXX_LIBRARY = "libc++";
				CLANG_ENABLE_MODULES = YES;
				CLANG_ENABLE_OBJC_ARC = YES;
				CLANG_ENABLE_OBJC_WEAK = YES;
				CLANG_WARN_BLOCK_CAPTURE_AUTORELEASING = YES;
				CLANG_WARN_BOOL_CONVERSION = YES;
				CLANG_WARN_COMMA = YES;
				CLANG_WARN_CONSTANT_CONVERSION = YES;
				CLANG_WARN_DEPRECATED_OBJC_IMPLEMENTATIONS = YES;
				CLANG_WARN_DIRECT_OBJC_ISA_USAGE = YES_ERROR;
				CLANG_WARN_DOCUMENTATION_COMMENTS = YES;
				CLANG_WARN_EMPTY_BODY = YES;
				CLANG_WARN_ENUM_CONVERSION = YES;
				CLANG_WARN_INFINITE_RECURSION = YES;
				CLANG_WARN_INT_CONVERSION = YES;
				CLANG_WARN_NON_LITERAL_NULL_CONVERSION = YES;
				CLANG_WARN_OBJC_IMPLICIT_RETAIN_SELF = YES;
				CLANG_WARN_OBJC_LITERAL_CONVERSION = YES;
				CLANG_WARN_OBJC_ROOT_CLASS = YES_ERROR;
				CLANG_WARN_RANGE_LOOP_ANALYSIS = YES;
				CLANG_WARN_STRICT_PROTOTYPES = YES;
				CLANG_WARN_SUSPICIOUS_MOVE = YES;
				CLANG_WARN_UNGUARDED_AVAILABILITY = YES_AGGRESSIVE;
				CLANG_WARN_UNREACHABLE_CODE = YES;
				CLANG_WARN__DUPLICATE_METHOD_MATCH = YES;
				CODE_SIGN_IDENTITY = "iPhone Developer";
				COPY_PHASE_STRIP = NO;
				DEBUG_INFORMATION_FORMAT = "dwarf-with-dsym";
				ENABLE_NS_ASSERTIONS = NO;
				ENABLE_STRICT_OBJC_MSGSEND = YES;
				GCC_C_LANGUAGE_STANDARD = gnu11;
				GCC_NO_COMMON_BLOCKS = YES;
				GCC_WARN_64_TO_32_BIT_CONVERSION = YES;
				GCC_WARN_ABOUT_RETURN_TYPE = YES_ERROR;
				GCC_WARN_UNDECLARED_SELECTOR = YES;
				GCC_WARN_UNINITIALIZED_AUTOS = YES_AGGRESSIVE;
				GCC_WARN_UNUSED_FUNCTION = YES;
				GCC_WARN_UNUSED_VARIABLE = YES;
				IPHONEOS_DEPLOYMENT_TARGET = 12.1;
				MTL_ENABLE_DEBUG_INFO = NO;
				MTL_FAST_MATH = YES;
				SDKROOT = iphoneos;
				VALIDATE_PRODUCT = YES;
			};
			name = Release;
		};
		1F18DBA121D870DF00B621B2 /* Debug */ = {
			isa = XCBuildConfiguration;
			buildSettings = {
				ASSETCATALOG_COMPILER_APPICON_NAME = AppIcon;
				CODE_SIGN_STYLE = Automatic;
				INFOPLIST_FILE = MasterDetail/Info.plist;
				LD_RUNPATH_SEARCH_PATHS = (
					"$(inherited)",
					"@executable_path/Frameworks",
				);
				PRODUCT_BUNDLE_IDENTIFIER = jp.toshi0383.MasterDetail;
				PRODUCT_NAME = "$(TARGET_NAME)";
				TARGETED_DEVICE_FAMILY = "1,2";
			};
			name = Debug;
		};
		1F18DBA221D870DF00B621B2 /* Release */ = {
			isa = XCBuildConfiguration;
			buildSettings = {
				ASSETCATALOG_COMPILER_APPICON_NAME = AppIcon;
				CODE_SIGN_STYLE = Automatic;
				INFOPLIST_FILE = MasterDetail/Info.plist;
				LD_RUNPATH_SEARCH_PATHS = (
					"$(inherited)",
					"@executable_path/Frameworks",
				);
				PRODUCT_BUNDLE_IDENTIFIER = jp.toshi0383.MasterDetail;
				PRODUCT_NAME = "$(TARGET_NAME)";
				TARGETED_DEVICE_FAMILY = "1,2";
			};
			name = Release;
		};
		1F18DBA421D870DF00B621B2 /* Debug */ = {
			isa = XCBuildConfiguration;
			buildSettings = {
				BUNDLE_LOADER = "$(TEST_HOST)";
				CODE_SIGN_STYLE = Automatic;
				INFOPLIST_FILE = MasterDetailTests/Info.plist;
				LD_RUNPATH_SEARCH_PATHS = (
					"$(inherited)",
					"@executable_path/Frameworks",
					"@loader_path/Frameworks",
				);
				PRODUCT_BUNDLE_IDENTIFIER = jp.toshi0383.MasterDetailTests;
				PRODUCT_NAME = "$(TARGET_NAME)";
				TARGETED_DEVICE_FAMILY = "1,2";
				TEST_HOST = "$(BUILT_PRODUCTS_DIR)/MasterDetail.app/MasterDetail";
			};
			name = Debug;
		};
		1F18DBA521D870DF00B621B2 /* Release */ = {
			isa = XCBuildConfiguration;
			buildSettings = {
				BUNDLE_LOADER = "$(TEST_HOST)";
				CODE_SIGN_STYLE = Automatic;
				INFOPLIST_FILE = MasterDetailTests/Info.plist;
				LD_RUNPATH_SEARCH_PATHS = (
					"$(inherited)",
					"@executable_path/Frameworks",
					"@loader_path/Frameworks",
				);
				PRODUCT_BUNDLE_IDENTIFIER = jp.toshi0383.MasterDetailTests;
				PRODUCT_NAME = "$(TARGET_NAME)";
				TARGETED_DEVICE_FAMILY = "1,2";
				TEST_HOST = "$(BUILT_PRODUCTS_DIR)/MasterDetail.app/MasterDetail";
			};
			name = Release;
		};
		1F18DBA721D870DF00B621B2 /* Debug */ = {
			isa = XCBuildConfiguration;
			buildSettings = {
				CODE_SIGN_STYLE = Automatic;
				INFOPLIST_FILE = MasterDetailUITests/Info.plist;
				LD_RUNPATH_SEARCH_PATHS = (
					"$(inherited)",
					"@executable_path/Frameworks",
					"@loader_path/Frameworks",
				);
				PRODUCT_BUNDLE_IDENTIFIER = jp.toshi0383.MasterDetailUITests;
				PRODUCT_NAME = "$(TARGET_NAME)";
				TARGETED_DEVICE_FAMILY = "1,2";
				TEST_TARGET_NAME = MasterDetail;
			};
			name = Debug;
		};
		1F18DBA821D870DF00B621B2 /* Release */ = {
			isa = XCBuildConfiguration;
			buildSettings = {
				CODE_SIGN_STYLE = Automatic;
				INFOPLIST_FILE = MasterDetailUITests/Info.plist;
				LD_RUNPATH_SEARCH_PATHS = (
					"$(inherited)",
					"@executable_path/Frameworks",
					"@loader_path/Frameworks",
				);
				PRODUCT_BUNDLE_IDENTIFIER = jp.toshi0383.MasterDetailUITests;
				PRODUCT_NAME = "$(TARGET_NAME)";
				TARGETED_DEVICE_FAMILY = "1,2";
				TEST_TARGET_NAME = MasterDetail;
			};
			name = Release;
		};
/* End XCBuildConfiguration section */

/* Begin XCConfigurationList section */
		1F18DB6C21D870DE00B621B2 /* Build configuration list for PBXProject "MasterDetail" */ = {
			isa = XCConfigurationList;
			buildConfigurations = (
				1F18DB9E21D870DF00B621B2 /* Debug */,
				1F18DB9F21D870DF00B621B2 /* Release */,
			);
			defaultConfigurationIsVisible = 0;
			defaultConfigurationName = Release;
		};
		1F18DBA021D870DF00B621B2 /* Build configuration list for PBXNativeTarget "MasterDetail" */ = {
			isa = XCConfigurationList;
			buildConfigurations = (
				1F18DBA121D870DF00B621B2 /* Debug */,
				1F18DBA221D870DF00B621B2 /* Release */,
			);
			defaultConfigurationIsVisible = 0;
			defaultConfigurationName = Release;
		};
		1F18DBA321D870DF00B621B2 /* Build configuration list for PBXNativeTarget "MasterDetailTests" */ = {
			isa = XCConfigurationList;
			buildConfigurations = (
				1F18DBA421D870DF00B621B2 /* Debug */,
				1F18DBA521D870DF00B621B2 /* Release */,
			);
			defaultConfigurationIsVisible = 0;
			defaultConfigurationName = Release;
		};
		1F18DBA621D870DF00B621B2 /* Build configuration list for PBXNativeTarget "MasterDetailUITests" */ = {
			isa = XCConfigurationList;
			buildConfigurations = (
				1F18DBA721D870DF00B621B2 /* Debug */,
				1F18DBA821D870DF00B621B2 /* Release */,
			);
			defaultConfigurationIsVisible = 0;
			defaultConfigurationName = Release;
		};
/* End XCConfigurationList section */
	};
	rootObject = 1F18DB6921D870DE00B621B2 /* Project object */;
}
